
Microsoft Visual Studio Solution File, Format Version 12.00
# Visual Studio Version 17
VisualStudioVersion = 17.5.002.0
MinimumVisualStudioVersion = 10.0.40219.1
Project("{9A19103F-16F7-4668-BE54-9A1E7A4F7556}") = "aipsfaza2", "aipsfaza2.csproj", "{A57414F8-18F3-427A-856D-BB1D617652AB}"
EndProject
Global
	GlobalSection(SolutionConfigurationPlatforms) = preSolution
		Debug|Any CPU = Debug|Any CPU
		Release|Any CPU = Release|Any CPU
	EndGlobalSection
	GlobalSection(ProjectConfigurationPlatforms) = postSolution
		{A57414F8-18F3-427A-856D-BB1D617652AB}.Debug|Any CPU.ActiveCfg = Debug|Any CPU
		{A57414F8-18F3-427A-856D-BB1D617652AB}.Debug|Any CPU.Build.0 = Debug|Any CPU
		{A57414F8-18F3-427A-856D-BB1D617652AB}.Release|Any CPU.ActiveCfg = Release|Any CPU
		{A57414F8-18F3-427A-856D-BB1D617652AB}.Release|Any CPU.Build.0 = Release|Any CPU
	EndGlobalSection
	GlobalSection(SolutionProperties) = preSolution
		HideSolutionNode = FALSE
	EndGlobalSection
	GlobalSection(ExtensibilityGlobals) = postSolution
		SolutionGuid = {595AC99E-AA21-409B-BF3B-9EACCC15D101}
	EndGlobalSection
EndGlobal
